
Microsoft Visual Studio Solution File, Format Version 12.00
# Visual Studio Version 17
VisualStudioVersion = 17.11.35222.181
MinimumVisualStudioVersion = 10.0.40219.1
Project("{FAE04EC0-301F-11D3-BF4B-00C04F79EFBC}") = "AssetManagement", "AssetManagement.csproj", "{F3BB1C53-C353-45A6-9728-BF0A5F6196D9}"
EndProject
Global
	GlobalSection(SolutionConfigurationPlatforms) = preSolution
		Debug|Any CPU = Debug|Any CPU
		Release|Any CPU = Release|Any CPU
	EndGlobalSection
	GlobalSection(ProjectConfigurationPlatforms) = postSolution
		{F3BB1C53-C353-45A6-9728-BF0A5F6196D9}.Debug|Any CPU.ActiveCfg = Debug|Any CPU
		{F3BB1C53-C353-45A6-9728-BF0A5F6196D9}.Debug|Any CPU.Build.0 = Debug|Any CPU
		{F3BB1C53-C353-45A6-9728-BF0A5F6196D9}.Release|Any CPU.ActiveCfg = Release|Any CPU
		{F3BB1C53-C353-45A6-9728-BF0A5F6196D9}.Release|Any CPU.Build.0 = Release|Any CPU
	EndGlobalSection
	GlobalSection(SolutionProperties) = preSolution
		HideSolutionNode = FALSE
	EndGlobalSection
	GlobalSection(ExtensibilityGlobals) = postSolution
		SolutionGuid = {47DC7F4A-739C-4BF6-B2B2-90A09633DF58}
	EndGlobalSection
EndGlobal
